
Microsoft Visual Studio Solution File, Format Version 12.00
# Visual Studio Version 16
VisualStudioVersion = 16.0.31507.150
MinimumVisualStudioVersion = 10.0.40219.1
Project("{2150E333-8FDC-42A3-9474-1A3956D46DE8}") = "FrontEnd", "FrontEnd", "{4140F7DF-D7F6-48D4-8123-362ACBEA055B}"
EndProject
Project("{FAE04EC0-301F-11D3-BF4B-00C04F79EFBC}") = "Mango.Web", "Mango.Web\Mango.Web.csproj", "{D110DDD5-4CA9-40F2-BF28-92D1AD2415EF}"
EndProject
Project("{2150E333-8FDC-42A3-9474-1A3956D46DE8}") = "Services", "Services", "{053E651E-C060-4743-BEBB-2B074D048656}"
EndProject
Project("{FAE04EC0-301F-11D3-BF4B-00C04F79EFBC}") = "Mango.Services.ProductAPI", "Mango.Services.ProductAPI\Mango.Services.ProductAPI.csproj", "{B761864C-21F9-464A-9EE7-5545E4112540}"
EndProject
Global
	GlobalSection(SolutionConfigurationPlatforms) = preSolution
		Debug|Any CPU = Debug|Any CPU
		Release|Any CPU = Release|Any CPU
	EndGlobalSection
	GlobalSection(ProjectConfigurationPlatforms) = postSolution
		{D110DDD5-4CA9-40F2-BF28-92D1AD2415EF}.Debug|Any CPU.ActiveCfg = Debug|Any CPU
		{D110DDD5-4CA9-40F2-BF28-92D1AD2415EF}.Debug|Any CPU.Build.0 = Debug|Any CPU
		{D110DDD5-4CA9-40F2-BF28-92D1AD2415EF}.Release|Any CPU.ActiveCfg = Release|Any CPU
		{D110DDD5-4CA9-40F2-BF28-92D1AD2415EF}.Release|Any CPU.Build.0 = Release|Any CPU
		{B761864C-21F9-464A-9EE7-5545E4112540}.Debug|Any CPU.ActiveCfg = Debug|Any CPU
		{B761864C-21F9-464A-9EE7-5545E4112540}.Debug|Any CPU.Build.0 = Debug|Any CPU
		{B761864C-21F9-464A-9EE7-5545E4112540}.Release|Any CPU.ActiveCfg = Release|Any CPU
		{B761864C-21F9-464A-9EE7-5545E4112540}.Release|Any CPU.Build.0 = Release|Any CPU
	EndGlobalSection
	GlobalSection(SolutionProperties) = preSolution
		HideSolutionNode = FALSE
	EndGlobalSection
	GlobalSection(NestedProjects) = preSolution
		{D110DDD5-4CA9-40F2-BF28-92D1AD2415EF} = {4140F7DF-D7F6-48D4-8123-362ACBEA055B}
		{B761864C-21F9-464A-9EE7-5545E4112540} = {053E651E-C060-4743-BEBB-2B074D048656}
	EndGlobalSection
	GlobalSection(ExtensibilityGlobals) = postSolution
		SolutionGuid = {27BF7C1E-0994-4848-B14E-414041D13812}
	EndGlobalSection
EndGlobal
